
Microsoft Visual Studio Solution File, Format Version 12.00
# Visual Studio 15
VisualStudioVersion = 15.0.28307.779
MinimumVisualStudioVersion = 10.0.40219.1
Project("{FAE04EC0-301F-11D3-BF4B-00C04F79EFBC}") = "Ejercicio_01", "Ejercicio_01\Ejercicio_01.csproj", "{071CDE52-38FA-4229-8558-FB65BEA17F62}"
EndProject
Project("{FAE04EC0-301F-11D3-BF4B-00C04F79EFBC}") = "Clase_02", "Clase_02\Clase_02.csproj", "{C8545378-66BA-414B-84B1-7CDF07AB14E4}"
EndProject
Project("{9A19103F-16F7-4668-BE54-9A1E7A4F7556}") = "MiLibreria", "MiLibreria\MiLibreria.csproj", "{0CF65CD5-81B4-488A-BE41-239279106D4E}"
EndProject
Project("{9A19103F-16F7-4668-BE54-9A1E7A4F7556}") = "Clase_02.Entidades", "Clase_02.Entidades\Clase_02.Entidades.csproj", "{38C82C42-92A3-458E-8106-FA9C742755CC}"
EndProject
Project("{FAE04EC0-301F-11D3-BF4B-00C04F79EFBC}") = "Ejercicio_02", "Ejercicio_02\Ejercicio_02.csproj", "{9BB3547E-1EB5-4932-B510-C04BFC32D78A}"
EndProject
Project("{FAE04EC0-301F-11D3-BF4B-00C04F79EFBC}") = "Ejercicio_03", "Ejercicio_03\Ejercicio_03.csproj", "{999F23CB-37EE-4C10-9E5C-EB723235BB7C}"
EndProject
Project("{FAE04EC0-301F-11D3-BF4B-00C04F79EFBC}") = "Ejercicio_04", "Ejercicio_04\Ejercicio_04.csproj", "{EA5C8224-0401-47AC-93A5-DEDA7696EAE1}"
EndProject
Project("{FAE04EC0-301F-11D3-BF4B-00C04F79EFBC}") = "Clase_03", "Clase_03\Clase_03.csproj", "{A8E8209A-AF2F-4FA7-8043-17C047364611}"
EndProject
Project("{FAE04EC0-301F-11D3-BF4B-00C04F79EFBC}") = "Ejercicio_16", "Ejercicio_16\Ejercicio_16.csproj", "{C4642149-20B6-4422-8461-D09F50AE059C}"
EndProject
Project("{9A19103F-16F7-4668-BE54-9A1E7A4F7556}") = "Clase_04.Entidades", "Clase_04.Entidades\Clase_04.Entidades.csproj", "{979F2E82-C90B-4FC2-BAA9-11A37B720FF8}"
EndProject
Project("{FAE04EC0-301F-11D3-BF4B-00C04F79EFBC}") = "Clase_04", "Clase_04\Clase_04.csproj", "{6CADD3FC-E729-48D6-B073-663E9CAD47AD}"
EndProject
Project("{FAE04EC0-301F-11D3-BF4B-00C04F79EFBC}") = "Clase_04.WindowsForm", "Clase_04.WindowsForm\Clase_04.WindowsForm.csproj", "{CBBDDD7E-78FF-46D7-9073-7E1AD3BC20E3}"
EndProject
Project("{9A19103F-16F7-4668-BE54-9A1E7A4F7556}") = "Clase_05.Entidades", "Clase_05.Entidades\Clase_05.Entidades.csproj", "{1F2432DC-9B21-429C-9220-CFE84EB4E24F}"
EndProject
Project("{FAE04EC0-301F-11D3-BF4B-00C04F79EFBC}") = "Clase_05", "Clase_05\Clase_05.csproj", "{92DE4228-B965-4CD4-A63E-56D460B4ECF0}"
EndProject
Project("{9A19103F-16F7-4668-BE54-9A1E7A4F7556}") = "Clase_06.Entidades", "Clase_06.Entidades\Clase_06.Entidades.csproj", "{A630A394-2E38-4D22-A369-4D60CB747243}"
EndProject
Project("{FAE04EC0-301F-11D3-BF4B-00C04F79EFBC}") = "Clase_06", "Clase_06\Clase_06.csproj", "{04580F2E-D92D-48EE-A8FB-D63B01D63817}"
EndProject
Project("{FAE04EC0-301F-11D3-BF4B-00C04F79EFBC}") = "Clase_07.WindowsForm", "Clase_07.WindowsForm\Clase_07.WindowsForm.csproj", "{817EFC15-E1E9-4614-9D24-25CD25083CB8}"
EndProject
Project("{FAE04EC0-301F-11D3-BF4B-00C04F79EFBC}") = "Clase_09", "Clase_09\Clase_09.csproj", "{4E826FBD-14BE-4B3C-BAE4-E8379C2F1F39}"
EndProject
Project("{9A19103F-16F7-4668-BE54-9A1E7A4F7556}") = "Clase_09.Entidades", "Clase_09.Entidades\Clase_09.Entidades.csproj", "{611ABB80-C9D1-4260-8956-48FB2C9DF616}"
EndProject
Project("{9A19103F-16F7-4668-BE54-9A1E7A4F7556}") = "Clase_10.Entidades", "Clase_10.Entidades\Clase_10.Entidades.csproj", "{CD077D04-47FD-4466-95CE-67A66F43FA30}"
EndProject
Project("{FAE04EC0-301F-11D3-BF4B-00C04F79EFBC}") = "Clase_10.WindowsForm", "Clase_10.WindowsForm\Clase_10.WindowsForm.csproj", "{D56854EC-7425-420A-AD17-F812964F1980}"
EndProject
Project("{FAE04EC0-301F-11D3-BF4B-00C04F79EFBC}") = "Clase_16.Entidades", "Clase_16.Entidades\Clase_16.Entidades.csproj", "{D9FE69DF-4E6C-42B6-8AA0-B9E1BD0C3451}"
EndProject
Project("{FAE04EC0-301F-11D3-BF4B-00C04F79EFBC}") = "Clase_16", "Clase_16\Clase_16.csproj", "{34DDF44B-2B1A-464F-AD6A-8B7C6DD4A277}"
EndProject
Project("{FAE04EC0-301F-11D3-BF4B-00C04F79EFBC}") = "Ejercicio_48", "Ejercicio_48\Ejercicio_48.csproj", "{02EB8BC7-82DE-4576-9F52-220099F29680}"
EndProject
Project("{FAE04EC0-301F-11D3-BF4B-00C04F79EFBC}") = "Clase_17.Entidades", "Clase_17.Entidades\Clase_17.Entidades.csproj", "{CE5D11F7-32EB-48D0-A7AE-32F0E7E5CCA4}"
EndProject
Project("{FAE04EC0-301F-11D3-BF4B-00C04F79EFBC}") = "Clase_17", "Clase_17\Clase_17.csproj", "{4D7B9EDC-3694-47E4-9408-209EA67E1BF8}"
EndProject
Global
	GlobalSection(SolutionConfigurationPlatforms) = preSolution
		Debug|Any CPU = Debug|Any CPU
		Release|Any CPU = Release|Any CPU
	EndGlobalSection
	GlobalSection(ProjectConfigurationPlatforms) = postSolution
		{071CDE52-38FA-4229-8558-FB65BEA17F62}.Debug|Any CPU.ActiveCfg = Debug|Any CPU
		{071CDE52-38FA-4229-8558-FB65BEA17F62}.Debug|Any CPU.Build.0 = Debug|Any CPU
		{071CDE52-38FA-4229-8558-FB65BEA17F62}.Release|Any CPU.ActiveCfg = Release|Any CPU
		{071CDE52-38FA-4229-8558-FB65BEA17F62}.Release|Any CPU.Build.0 = Release|Any CPU
		{C8545378-66BA-414B-84B1-7CDF07AB14E4}.Debug|Any CPU.ActiveCfg = Debug|Any CPU
		{C8545378-66BA-414B-84B1-7CDF07AB14E4}.Debug|Any CPU.Build.0 = Debug|Any CPU
		{C8545378-66BA-414B-84B1-7CDF07AB14E4}.Release|Any CPU.ActiveCfg = Release|Any CPU
		{C8545378-66BA-414B-84B1-7CDF07AB14E4}.Release|Any CPU.Build.0 = Release|Any CPU
		{0CF65CD5-81B4-488A-BE41-239279106D4E}.Debug|Any CPU.ActiveCfg = Debug|Any CPU
		{0CF65CD5-81B4-488A-BE41-239279106D4E}.Debug|Any CPU.Build.0 = Debug|Any CPU
		{0CF65CD5-81B4-488A-BE41-239279106D4E}.Release|Any CPU.ActiveCfg = Release|Any CPU
		{0CF65CD5-81B4-488A-BE41-239279106D4E}.Release|Any CPU.Build.0 = Release|Any CPU
		{38C82C42-92A3-458E-8106-FA9C742755CC}.Debug|Any CPU.ActiveCfg = Debug|Any CPU
		{38C82C42-92A3-458E-8106-FA9C742755CC}.Debug|Any CPU.Build.0 = Debug|Any CPU
		{38C82C42-92A3-458E-8106-FA9C742755CC}.Release|Any CPU.ActiveCfg = Release|Any CPU
		{38C82C42-92A3-458E-8106-FA9C742755CC}.Release|Any CPU.Build.0 = Release|Any CPU
		{9BB3547E-1EB5-4932-B510-C04BFC32D78A}.Debug|Any CPU.ActiveCfg = Debug|Any CPU
		{9BB3547E-1EB5-4932-B510-C04BFC32D78A}.Debug|Any CPU.Build.0 = Debug|Any CPU
		{9BB3547E-1EB5-4932-B510-C04BFC32D78A}.Release|Any CPU.ActiveCfg = Release|Any CPU
		{9BB3547E-1EB5-4932-B510-C04BFC32D78A}.Release|Any CPU.Build.0 = Release|Any CPU
		{999F23CB-37EE-4C10-9E5C-EB723235BB7C}.Debug|Any CPU.ActiveCfg = Debug|Any CPU
		{999F23CB-37EE-4C10-9E5C-EB723235BB7C}.Debug|Any CPU.Build.0 = Debug|Any CPU
		{999F23CB-37EE-4C10-9E5C-EB723235BB7C}.Release|Any CPU.ActiveCfg = Release|Any CPU
		{999F23CB-37EE-4C10-9E5C-EB723235BB7C}.Release|Any CPU.Build.0 = Release|Any CPU
		{EA5C8224-0401-47AC-93A5-DEDA7696EAE1}.Debug|Any CPU.ActiveCfg = Debug|Any CPU
		{EA5C8224-0401-47AC-93A5-DEDA7696EAE1}.Debug|Any CPU.Build.0 = Debug|Any CPU
		{EA5C8224-0401-47AC-93A5-DEDA7696EAE1}.Release|Any CPU.ActiveCfg = Release|Any CPU
		{EA5C8224-0401-47AC-93A5-DEDA7696EAE1}.Release|Any CPU.Build.0 = Release|Any CPU
		{A8E8209A-AF2F-4FA7-8043-17C047364611}.Debug|Any CPU.ActiveCfg = Debug|Any CPU
		{A8E8209A-AF2F-4FA7-8043-17C047364611}.Debug|Any CPU.Build.0 = Debug|Any CPU
		{A8E8209A-AF2F-4FA7-8043-17C047364611}.Release|Any CPU.ActiveCfg = Release|Any CPU
		{A8E8209A-AF2F-4FA7-8043-17C047364611}.Release|Any CPU.Build.0 = Release|Any CPU
		{C4642149-20B6-4422-8461-D09F50AE059C}.Debug|Any CPU.ActiveCfg = Debug|Any CPU
		{C4642149-20B6-4422-8461-D09F50AE059C}.Debug|Any CPU.Build.0 = Debug|Any CPU
		{C4642149-20B6-4422-8461-D09F50AE059C}.Release|Any CPU.ActiveCfg = Release|Any CPU
		{C4642149-20B6-4422-8461-D09F50AE059C}.Release|Any CPU.Build.0 = Release|Any CPU
		{979F2E82-C90B-4FC2-BAA9-11A37B720FF8}.Debug|Any CPU.ActiveCfg = Debug|Any CPU
		{979F2E82-C90B-4FC2-BAA9-11A37B720FF8}.Debug|Any CPU.Build.0 = Debug|Any CPU
		{979F2E82-C90B-4FC2-BAA9-11A37B720FF8}.Release|Any CPU.ActiveCfg = Release|Any CPU
		{979F2E82-C90B-4FC2-BAA9-11A37B720FF8}.Release|Any CPU.Build.0 = Release|Any CPU
		{6CADD3FC-E729-48D6-B073-663E9CAD47AD}.Debug|Any CPU.ActiveCfg = Debug|Any CPU
		{6CADD3FC-E729-48D6-B073-663E9CAD47AD}.Debug|Any CPU.Build.0 = Debug|Any CPU
		{6CADD3FC-E729-48D6-B073-663E9CAD47AD}.Release|Any CPU.ActiveCfg = Release|Any CPU
		{6CADD3FC-E729-48D6-B073-663E9CAD47AD}.Release|Any CPU.Build.0 = Release|Any CPU
		{CBBDDD7E-78FF-46D7-9073-7E1AD3BC20E3}.Debug|Any CPU.ActiveCfg = Debug|Any CPU
		{CBBDDD7E-78FF-46D7-9073-7E1AD3BC20E3}.Debug|Any CPU.Build.0 = Debug|Any CPU
		{CBBDDD7E-78FF-46D7-9073-7E1AD3BC20E3}.Release|Any CPU.ActiveCfg = Release|Any CPU
		{CBBDDD7E-78FF-46D7-9073-7E1AD3BC20E3}.Release|Any CPU.Build.0 = Release|Any CPU
		{1F2432DC-9B21-429C-9220-CFE84EB4E24F}.Debug|Any CPU.ActiveCfg = Debug|Any CPU
		{1F2432DC-9B21-429C-9220-CFE84EB4E24F}.Debug|Any CPU.Build.0 = Debug|Any CPU
		{1F2432DC-9B21-429C-9220-CFE84EB4E24F}.Release|Any CPU.ActiveCfg = Release|Any CPU
		{1F2432DC-9B21-429C-9220-CFE84EB4E24F}.Release|Any CPU.Build.0 = Release|Any CPU
		{92DE4228-B965-4CD4-A63E-56D460B4ECF0}.Debug|Any CPU.ActiveCfg = Debug|Any CPU
		{92DE4228-B965-4CD4-A63E-56D460B4ECF0}.Debug|Any CPU.Build.0 = Debug|Any CPU
		{92DE4228-B965-4CD4-A63E-56D460B4ECF0}.Release|Any CPU.ActiveCfg = Release|Any CPU
		{92DE4228-B965-4CD4-A63E-56D460B4ECF0}.Release|Any CPU.Build.0 = Release|Any CPU
		{A630A394-2E38-4D22-A369-4D60CB747243}.Debug|Any CPU.ActiveCfg = Debug|Any CPU
		{A630A394-2E38-4D22-A369-4D60CB747243}.Debug|Any CPU.Build.0 = Debug|Any CPU
		{A630A394-2E38-4D22-A369-4D60CB747243}.Release|Any CPU.ActiveCfg = Release|Any CPU
		{A630A394-2E38-4D22-A369-4D60CB747243}.Release|Any CPU.Build.0 = Release|Any CPU
		{04580F2E-D92D-48EE-A8FB-D63B01D63817}.Debug|Any CPU.ActiveCfg = Debug|Any CPU
		{04580F2E-D92D-48EE-A8FB-D63B01D63817}.Debug|Any CPU.Build.0 = Debug|Any CPU
		{04580F2E-D92D-48EE-A8FB-D63B01D63817}.Release|Any CPU.ActiveCfg = Release|Any CPU
		{04580F2E-D92D-48EE-A8FB-D63B01D63817}.Release|Any CPU.Build.0 = Release|Any CPU
		{817EFC15-E1E9-4614-9D24-25CD25083CB8}.Debug|Any CPU.ActiveCfg = Debug|Any CPU
		{817EFC15-E1E9-4614-9D24-25CD25083CB8}.Debug|Any CPU.Build.0 = Debug|Any CPU
		{817EFC15-E1E9-4614-9D24-25CD25083CB8}.Release|Any CPU.ActiveCfg = Release|Any CPU
		{817EFC15-E1E9-4614-9D24-25CD25083CB8}.Release|Any CPU.Build.0 = Release|Any CPU
		{4E826FBD-14BE-4B3C-BAE4-E8379C2F1F39}.Debug|Any CPU.ActiveCfg = Debug|Any CPU
		{4E826FBD-14BE-4B3C-BAE4-E8379C2F1F39}.Debug|Any CPU.Build.0 = Debug|Any CPU
		{4E826FBD-14BE-4B3C-BAE4-E8379C2F1F39}.Release|Any CPU.ActiveCfg = Release|Any CPU
		{4E826FBD-14BE-4B3C-BAE4-E8379C2F1F39}.Release|Any CPU.Build.0 = Release|Any CPU
		{611ABB80-C9D1-4260-8956-48FB2C9DF616}.Debug|Any CPU.ActiveCfg = Debug|Any CPU
		{611ABB80-C9D1-4260-8956-48FB2C9DF616}.Debug|Any CPU.Build.0 = Debug|Any CPU
		{611ABB80-C9D1-4260-8956-48FB2C9DF616}.Release|Any CPU.ActiveCfg = Release|Any CPU
		{611ABB80-C9D1-4260-8956-48FB2C9DF616}.Release|Any CPU.Build.0 = Release|Any CPU
		{CD077D04-47FD-4466-95CE-67A66F43FA30}.Debug|Any CPU.ActiveCfg = Debug|Any CPU
		{CD077D04-47FD-4466-95CE-67A66F43FA30}.Debug|Any CPU.Build.0 = Debug|Any CPU
		{CD077D04-47FD-4466-95CE-67A66F43FA30}.Release|Any CPU.ActiveCfg = Release|Any CPU
		{CD077D04-47FD-4466-95CE-67A66F43FA30}.Release|Any CPU.Build.0 = Release|Any CPU
		{D56854EC-7425-420A-AD17-F812964F1980}.Debug|Any CPU.ActiveCfg = Debug|Any CPU
		{D56854EC-7425-420A-AD17-F812964F1980}.Debug|Any CPU.Build.0 = Debug|Any CPU
		{D56854EC-7425-420A-AD17-F812964F1980}.Release|Any CPU.ActiveCfg = Release|Any CPU
		{D56854EC-7425-420A-AD17-F812964F1980}.Release|Any CPU.Build.0 = Release|Any CPU
		{D9FE69DF-4E6C-42B6-8AA0-B9E1BD0C3451}.Debug|Any CPU.ActiveCfg = Debug|Any CPU
		{D9FE69DF-4E6C-42B6-8AA0-B9E1BD0C3451}.Debug|Any CPU.Build.0 = Debug|Any CPU
		{D9FE69DF-4E6C-42B6-8AA0-B9E1BD0C3451}.Release|Any CPU.ActiveCfg = Release|Any CPU
		{D9FE69DF-4E6C-42B6-8AA0-B9E1BD0C3451}.Release|Any CPU.Build.0 = Release|Any CPU
		{34DDF44B-2B1A-464F-AD6A-8B7C6DD4A277}.Debug|Any CPU.ActiveCfg = Debug|Any CPU
		{34DDF44B-2B1A-464F-AD6A-8B7C6DD4A277}.Debug|Any CPU.Build.0 = Debug|Any CPU
		{34DDF44B-2B1A-464F-AD6A-8B7C6DD4A277}.Release|Any CPU.ActiveCfg = Release|Any CPU
		{34DDF44B-2B1A-464F-AD6A-8B7C6DD4A277}.Release|Any CPU.Build.0 = Release|Any CPU
		{02EB8BC7-82DE-4576-9F52-220099F29680}.Debug|Any CPU.ActiveCfg = Debug|Any CPU
		{02EB8BC7-82DE-4576-9F52-220099F29680}.Debug|Any CPU.Build.0 = Debug|Any CPU
		{02EB8BC7-82DE-4576-9F52-220099F29680}.Release|Any CPU.ActiveCfg = Release|Any CPU
		{02EB8BC7-82DE-4576-9F52-220099F29680}.Release|Any CPU.Build.0 = Release|Any CPU
		{CE5D11F7-32EB-48D0-A7AE-32F0E7E5CCA4}.Debug|Any CPU.ActiveCfg = Debug|Any CPU
		{CE5D11F7-32EB-48D0-A7AE-32F0E7E5CCA4}.Debug|Any CPU.Build.0 = Debug|Any CPU
		{CE5D11F7-32EB-48D0-A7AE-32F0E7E5CCA4}.Release|Any CPU.ActiveCfg = Release|Any CPU
		{CE5D11F7-32EB-48D0-A7AE-32F0E7E5CCA4}.Release|Any CPU.Build.0 = Release|Any CPU
		{4D7B9EDC-3694-47E4-9408-209EA67E1BF8}.Debug|Any CPU.ActiveCfg = Debug|Any CPU
		{4D7B9EDC-3694-47E4-9408-209EA67E1BF8}.Debug|Any CPU.Build.0 = Debug|Any CPU
		{4D7B9EDC-3694-47E4-9408-209EA67E1BF8}.Release|Any CPU.ActiveCfg = Release|Any CPU
		{4D7B9EDC-3694-47E4-9408-209EA67E1BF8}.Release|Any CPU.Build.0 = Release|Any CPU
	EndGlobalSection
	GlobalSection(SolutionProperties) = preSolution
		HideSolutionNode = FALSE
	EndGlobalSection
	GlobalSection(ExtensibilityGlobals) = postSolution
		SolutionGuid = {4C19DAFC-2016-4029-8A8C-E8F5E5A388EA}
	EndGlobalSection
EndGlobal
