
Microsoft Visual Studio Solution File, Format Version 12.00
# Visual Studio 15
VisualStudioVersion = 15.0.27703.2047
MinimumVisualStudioVersion = 10.0.40219.1
Project("{FAE04EC0-301F-11D3-BF4B-00C04F79EFBC}") = "Entidades", "Entidades\Entidades.csproj", "{951537FB-D0FE-4C0A-95FF-F15EFA395DB2}"
EndProject
Project("{FAE04EC0-301F-11D3-BF4B-00C04F79EFBC}") = "Test", "Test\Test.csproj", "{7C0F6984-BD5E-4A2D-B36A-FE00725E71B2}"
EndProject
Global
	GlobalSection(SolutionConfigurationPlatforms) = preSolution
		Debug|Any CPU = Debug|Any CPU
		Release|Any CPU = Release|Any CPU
	EndGlobalSection
	GlobalSection(ProjectConfigurationPlatforms) = postSolution
		{951537FB-D0FE-4C0A-95FF-F15EFA395DB2}.Debug|Any CPU.ActiveCfg = Debug|Any CPU
		{951537FB-D0FE-4C0A-95FF-F15EFA395DB2}.Debug|Any CPU.Build.0 = Debug|Any CPU
		{951537FB-D0FE-4C0A-95FF-F15EFA395DB2}.Release|Any CPU.ActiveCfg = Release|Any CPU
		{951537FB-D0FE-4C0A-95FF-F15EFA395DB2}.Release|Any CPU.Build.0 = Release|Any CPU
		{7C0F6984-BD5E-4A2D-B36A-FE00725E71B2}.Debug|Any CPU.ActiveCfg = Debug|Any CPU
		{7C0F6984-BD5E-4A2D-B36A-FE00725E71B2}.Debug|Any CPU.Build.0 = Debug|Any CPU
		{7C0F6984-BD5E-4A2D-B36A-FE00725E71B2}.Release|Any CPU.ActiveCfg = Release|Any CPU
		{7C0F6984-BD5E-4A2D-B36A-FE00725E71B2}.Release|Any CPU.Build.0 = Release|Any CPU
	EndGlobalSection
	GlobalSection(SolutionProperties) = preSolution
		HideSolutionNode = FALSE
	EndGlobalSection
	GlobalSection(ExtensibilityGlobals) = postSolution
		SolutionGuid = {171C36D1-90D6-4AEF-BA6F-483A69E3ADCC}
	EndGlobalSection
EndGlobal
