
Microsoft Visual Studio Solution File, Format Version 12.00
# Visual Studio 15
VisualStudioVersion = 15.0.27703.2047
MinimumVisualStudioVersion = 10.0.40219.1
Project("{FAE04EC0-301F-11D3-BF4B-00C04F79EFBC}") = "Clase_20.Entidades", "Clase_20.Entidades\Clase_20.Entidades.csproj", "{E5FFD97F-2FEC-43D4-B6A1-B7F44EC39FF5}"
EndProject
Project("{FAE04EC0-301F-11D3-BF4B-00C04F79EFBC}") = "Clase_20", "Clase_20\Clase_20.csproj", "{48B57EFA-B98D-4872-829B-653483E7F171}"
EndProject
Global
	GlobalSection(SolutionConfigurationPlatforms) = preSolution
		Debug|Any CPU = Debug|Any CPU
		Release|Any CPU = Release|Any CPU
	EndGlobalSection
	GlobalSection(ProjectConfigurationPlatforms) = postSolution
		{E5FFD97F-2FEC-43D4-B6A1-B7F44EC39FF5}.Debug|Any CPU.ActiveCfg = Debug|Any CPU
		{E5FFD97F-2FEC-43D4-B6A1-B7F44EC39FF5}.Debug|Any CPU.Build.0 = Debug|Any CPU
		{E5FFD97F-2FEC-43D4-B6A1-B7F44EC39FF5}.Release|Any CPU.ActiveCfg = Release|Any CPU
		{E5FFD97F-2FEC-43D4-B6A1-B7F44EC39FF5}.Release|Any CPU.Build.0 = Release|Any CPU
		{48B57EFA-B98D-4872-829B-653483E7F171}.Debug|Any CPU.ActiveCfg = Debug|Any CPU
		{48B57EFA-B98D-4872-829B-653483E7F171}.Debug|Any CPU.Build.0 = Debug|Any CPU
		{48B57EFA-B98D-4872-829B-653483E7F171}.Release|Any CPU.ActiveCfg = Release|Any CPU
		{48B57EFA-B98D-4872-829B-653483E7F171}.Release|Any CPU.Build.0 = Release|Any CPU
	EndGlobalSection
	GlobalSection(SolutionProperties) = preSolution
		HideSolutionNode = FALSE
	EndGlobalSection
	GlobalSection(ExtensibilityGlobals) = postSolution
		SolutionGuid = {5D2FDCF4-897E-4C0D-8B09-F68DB80AB985}
	EndGlobalSection
EndGlobal
